PODS:
  - Expecta (1.0.0)
  - OCMock (3.1.2)
  - Specta (1.0.1)
  - ZSWHierarchicalResultsController (1.0)

DEPENDENCIES:
  - Expecta
  - OCMock
  - Specta
  - ZSWHierarchicalResultsController (from `../`)

EXTERNAL SOURCES:
  ZSWHierarchicalResultsController:
    :path: ../

SPEC CHECKSUMS:
  Expecta: 32604574add2c46a36f8d2f716b6c5736eb75024
  OCMock: a10ea9f0a6e921651f96f78b6faee95ebc813b92
  Specta: 097be314a75de103703a3bf9a529dc1a398509d7
  ZSWHierarchicalResultsController: 6c90891eab46ea10c5705f25c582963d08d1acaf

COCOAPODS: 0.37.2
